
Microsoft Visual Studio Solution File, Format Version 12.00
# Visual Studio Version 17
VisualStudioVersion = 17.0.31903.59
MinimumVisualStudioVersion = 10.0.40219.1
Project("{FAE04EC0-301F-11D3-BF4B-00C04F79EFBC}") = "HearingsMessenger", "HearingsMessenger\HearingsMessenger.csproj", "{22DA83C5-E2BF-46AD-A7F1-A7CF4BFCD284}"
EndProject
Project("{FAE04EC0-301F-11D3-BF4B-00C04F79EFBC}") = "HearingsMessenger.Tests", "HearingsMessenger.Tests\HearingsMessenger.Tests.csproj", "{B2082B4A-081B-46AF-A81D-F698563AC51E}"
EndProject
Global
	GlobalSection(SolutionConfigurationPlatforms) = preSolution
		Debug|Any CPU = Debug|Any CPU
		Debug|x64 = Debug|x64
		Debug|x86 = Debug|x86
		Release|Any CPU = Release|Any CPU
		Release|x64 = Release|x64
		Release|x86 = Release|x86
	EndGlobalSection
	GlobalSection(ProjectConfigurationPlatforms) = postSolution
		{22DA83C5-E2BF-46AD-A7F1-A7CF4BFCD284}.Debug|Any CPU.ActiveCfg = Debug|Any CPU
		{22DA83C5-E2BF-46AD-A7F1-A7CF4BFCD284}.Debug|Any CPU.Build.0 = Debug|Any CPU
		{22DA83C5-E2BF-46AD-A7F1-A7CF4BFCD284}.Debug|x64.ActiveCfg = Debug|Any CPU
		{22DA83C5-E2BF-46AD-A7F1-A7CF4BFCD284}.Debug|x64.Build.0 = Debug|Any CPU
		{22DA83C5-E2BF-46AD-A7F1-A7CF4BFCD284}.Debug|x86.ActiveCfg = Debug|Any CPU
		{22DA83C5-E2BF-46AD-A7F1-A7CF4BFCD284}.Debug|x86.Build.0 = Debug|Any CPU
		{22DA83C5-E2BF-46AD-A7F1-A7CF4BFCD284}.Release|Any CPU.ActiveCfg = Release|Any CPU
		{22DA83C5-E2BF-46AD-A7F1-A7CF4BFCD284}.Release|Any CPU.Build.0 = Release|Any CPU
		{22DA83C5-E2BF-46AD-A7F1-A7CF4BFCD284}.Release|x64.ActiveCfg = Release|Any CPU
		{22DA83C5-E2BF-46AD-A7F1-A7CF4BFCD284}.Release|x64.Build.0 = Release|Any CPU
		{22DA83C5-E2BF-46AD-A7F1-A7CF4BFCD284}.Release|x86.ActiveCfg = Release|Any CPU
		{22DA83C5-E2BF-46AD-A7F1-A7CF4BFCD284}.Release|x86.Build.0 = Release|Any CPU
		{B2082B4A-081B-46AF-A81D-F698563AC51E}.Debug|Any CPU.ActiveCfg = Debug|Any CPU
		{B2082B4A-081B-46AF-A81D-F698563AC51E}.Debug|Any CPU.Build.0 = Debug|Any CPU
		{B2082B4A-081B-46AF-A81D-F698563AC51E}.Debug|x64.ActiveCfg = Debug|Any CPU
		{B2082B4A-081B-46AF-A81D-F698563AC51E}.Debug|x64.Build.0 = Debug|Any CPU
		{B2082B4A-081B-46AF-A81D-F698563AC51E}.Debug|x86.ActiveCfg = Debug|Any CPU
		{B2082B4A-081B-46AF-A81D-F698563AC51E}.Debug|x86.Build.0 = Debug|Any CPU
		{B2082B4A-081B-46AF-A81D-F698563AC51E}.Release|Any CPU.ActiveCfg = Release|Any CPU
		{B2082B4A-081B-46AF-A81D-F698563AC51E}.Release|Any CPU.Build.0 = Release|Any CPU
		{B2082B4A-081B-46AF-A81D-F698563AC51E}.Release|x64.ActiveCfg = Release|Any CPU
		{B2082B4A-081B-46AF-A81D-F698563AC51E}.Release|x64.Build.0 = Release|Any CPU
		{B2082B4A-081B-46AF-A81D-F698563AC51E}.Release|x86.ActiveCfg = Release|Any CPU
		{B2082B4A-081B-46AF-A81D-F698563AC51E}.Release|x86.Build.0 = Release|Any CPU
	EndGlobalSection
	GlobalSection(SolutionProperties) = preSolution
		HideSolutionNode = FALSE
	EndGlobalSection
EndGlobal
