
Microsoft Visual Studio Solution File, Format Version 12.00
# Visual Studio Version 17
VisualStudioVersion = 17.0.31903.59
MinimumVisualStudioVersion = 10.0.40219.1
Project("{FAE04EC0-301F-11D3-BF4B-00C04F79EFBC}") = "HearingsMessenger", "HearingsMessenger\HearingsMessenger.csproj", "{22DA83C5-E2BF-46AD-A7F1-A7CF4BFCD284}"
EndProject
Project("{FAE04EC0-301F-11D3-BF4B-00C04F79EFBC}") = "HearingsMessenger.Tests", "HearingsMessenger.Tests\HearingsMessenger.Tests.csproj", "{B2082B4A-081B-46AF-A81D-F698563AC51E}"
EndProject
Project("{FAE04EC0-301F-11D3-BF4B-00C04F79EFBC}") = "HearingsMessenger.Agent", "HearingsMessenger.Agent\HearingsMessenger.Agent.csproj", "{F9012C2E-3B00-472D-BA07-DD2BA0BC1A73}"
EndProject
Project("{FAE04EC0-301F-11D3-BF4B-00C04F79EFBC}") = "HearingsMessenger.SendTest", "HearingsMessenger.SendTest\HearingsMessenger.SendTest.csproj", "{52EAEA74-51CE-462D-89A9-B2812301134D}"
EndProject
Global
	GlobalSection(SolutionConfigurationPlatforms) = preSolution
		Debug|Any CPU = Debug|Any CPU
		Debug|x64 = Debug|x64
		Debug|x86 = Debug|x86
		Release|Any CPU = Release|Any CPU
		Release|x64 = Release|x64
		Release|x86 = Release|x86
	EndGlobalSection
	GlobalSection(ProjectConfigurationPlatforms) = postSolution
		{22DA83C5-E2BF-46AD-A7F1-A7CF4BFCD284}.Debug|Any CPU.ActiveCfg = Debug|Any CPU
		{22DA83C5-E2BF-46AD-A7F1-A7CF4BFCD284}.Debug|Any CPU.Build.0 = Debug|Any CPU
		{22DA83C5-E2BF-46AD-A7F1-A7CF4BFCD284}.Debug|x64.ActiveCfg = Debug|Any CPU
		{22DA83C5-E2BF-46AD-A7F1-A7CF4BFCD284}.Debug|x64.Build.0 = Debug|Any CPU
		{22DA83C5-E2BF-46AD-A7F1-A7CF4BFCD284}.Debug|x86.ActiveCfg = Debug|Any CPU
		{22DA83C5-E2BF-46AD-A7F1-A7CF4BFCD284}.Debug|x86.Build.0 = Debug|Any CPU
		{22DA83C5-E2BF-46AD-A7F1-A7CF4BFCD284}.Release|Any CPU.ActiveCfg = Release|Any CPU
		{22DA83C5-E2BF-46AD-A7F1-A7CF4BFCD284}.Release|Any CPU.Build.0 = Release|Any CPU
		{22DA83C5-E2BF-46AD-A7F1-A7CF4BFCD284}.Release|x64.ActiveCfg = Release|Any CPU
		{22DA83C5-E2BF-46AD-A7F1-A7CF4BFCD284}.Release|x64.Build.0 = Release|Any CPU
		{22DA83C5-E2BF-46AD-A7F1-A7CF4BFCD284}.Release|x86.ActiveCfg = Release|Any CPU
		{22DA83C5-E2BF-46AD-A7F1-A7CF4BFCD284}.Release|x86.Build.0 = Release|Any CPU
		{B2082B4A-081B-46AF-A81D-F698563AC51E}.Debug|Any CPU.ActiveCfg = Debug|Any CPU
		{B2082B4A-081B-46AF-A81D-F698563AC51E}.Debug|Any CPU.Build.0 = Debug|Any CPU
		{B2082B4A-081B-46AF-A81D-F698563AC51E}.Debug|x64.ActiveCfg = Debug|Any CPU
		{B2082B4A-081B-46AF-A81D-F698563AC51E}.Debug|x64.Build.0 = Debug|Any CPU
		{B2082B4A-081B-46AF-A81D-F698563AC51E}.Debug|x86.ActiveCfg = Debug|Any CPU
		{B2082B4A-081B-46AF-A81D-F698563AC51E}.Debug|x86.Build.0 = Debug|Any CPU
		{B2082B4A-081B-46AF-A81D-F698563AC51E}.Release|Any CPU.ActiveCfg = Release|Any CPU
		{B2082B4A-081B-46AF-A81D-F698563AC51E}.Release|Any CPU.Build.0 = Release|Any CPU
		{B2082B4A-081B-46AF-A81D-F698563AC51E}.Release|x64.ActiveCfg = Release|Any CPU
		{B2082B4A-081B-46AF-A81D-F698563AC51E}.Release|x64.Build.0 = Release|Any CPU
		{B2082B4A-081B-46AF-A81D-F698563AC51E}.Release|x86.ActiveCfg = Release|Any CPU
		{B2082B4A-081B-46AF-A81D-F698563AC51E}.Release|x86.Build.0 = Release|Any CPU
		{F9012C2E-3B00-472D-BA07-DD2BA0BC1A73}.Debug|Any CPU.ActiveCfg = Debug|Any CPU
		{F9012C2E-3B00-472D-BA07-DD2BA0BC1A73}.Debug|Any CPU.Build.0 = Debug|Any CPU
		{F9012C2E-3B00-472D-BA07-DD2BA0BC1A73}.Debug|x64.ActiveCfg = Debug|Any CPU
		{F9012C2E-3B00-472D-BA07-DD2BA0BC1A73}.Debug|x64.Build.0 = Debug|Any CPU
		{F9012C2E-3B00-472D-BA07-DD2BA0BC1A73}.Debug|x86.ActiveCfg = Debug|Any CPU
		{F9012C2E-3B00-472D-BA07-DD2BA0BC1A73}.Debug|x86.Build.0 = Debug|Any CPU
		{F9012C2E-3B00-472D-BA07-DD2BA0BC1A73}.Release|Any CPU.ActiveCfg = Release|Any CPU
		{F9012C2E-3B00-472D-BA07-DD2BA0BC1A73}.Release|Any CPU.Build.0 = Release|Any CPU
		{F9012C2E-3B00-472D-BA07-DD2BA0BC1A73}.Release|x64.ActiveCfg = Release|Any CPU
		{F9012C2E-3B00-472D-BA07-DD2BA0BC1A73}.Release|x64.Build.0 = Release|Any CPU
		{F9012C2E-3B00-472D-BA07-DD2BA0BC1A73}.Release|x86.ActiveCfg = Release|Any CPU
		{F9012C2E-3B00-472D-BA07-DD2BA0BC1A73}.Release|x86.Build.0 = Release|Any CPU
		{52EAEA74-51CE-462D-89A9-B2812301134D}.Debug|Any CPU.ActiveCfg = Debug|Any CPU
		{52EAEA74-51CE-462D-89A9-B2812301134D}.Debug|Any CPU.Build.0 = Debug|Any CPU
		{52EAEA74-51CE-462D-89A9-B2812301134D}.Debug|x64.ActiveCfg = Debug|Any CPU
		{52EAEA74-51CE-462D-89A9-B2812301134D}.Debug|x64.Build.0 = Debug|Any CPU
		{52EAEA74-51CE-462D-89A9-B2812301134D}.Debug|x86.ActiveCfg = Debug|Any CPU
		{52EAEA74-51CE-462D-89A9-B2812301134D}.Debug|x86.Build.0 = Debug|Any CPU
		{52EAEA74-51CE-462D-89A9-B2812301134D}.Release|Any CPU.ActiveCfg = Release|Any CPU
		{52EAEA74-51CE-462D-89A9-B2812301134D}.Release|Any CPU.Build.0 = Release|Any CPU
		{52EAEA74-51CE-462D-89A9-B2812301134D}.Release|x64.ActiveCfg = Release|Any CPU
		{52EAEA74-51CE-462D-89A9-B2812301134D}.Release|x64.Build.0 = Release|Any CPU
		{52EAEA74-51CE-462D-89A9-B2812301134D}.Release|x86.ActiveCfg = Release|Any CPU
		{52EAEA74-51CE-462D-89A9-B2812301134D}.Release|x86.Build.0 = Release|Any CPU
	EndGlobalSection
	GlobalSection(SolutionProperties) = preSolution
		HideSolutionNode = FALSE
	EndGlobalSection
EndGlobal
